
Microsoft Visual Studio Solution File, Format Version 12.00
# Visual Studio Version 16
VisualStudioVersion = 16.0.30011.22
MinimumVisualStudioVersion = 10.0.40219.1
Project("{FAE04EC0-301F-11D3-BF4B-00C04F79EFBC}") = "La Cocina de Ventura2", "La Cocina de Ventura2\La Cocina de Ventura2.csproj", "{113FE38E-57FF-4527-AF88-96C5C03C76DA}"
EndProject
Global
	GlobalSection(SolutionConfigurationPlatforms) = preSolution
		Debug|Any CPU = Debug|Any CPU
		Release|Any CPU = Release|Any CPU
	EndGlobalSection
	GlobalSection(ProjectConfigurationPlatforms) = postSolution
		{113FE38E-57FF-4527-AF88-96C5C03C76DA}.Debug|Any CPU.ActiveCfg = Debug|Any CPU
		{113FE38E-57FF-4527-AF88-96C5C03C76DA}.Debug|Any CPU.Build.0 = Debug|Any CPU
		{113FE38E-57FF-4527-AF88-96C5C03C76DA}.Release|Any CPU.ActiveCfg = Release|Any CPU
		{113FE38E-57FF-4527-AF88-96C5C03C76DA}.Release|Any CPU.Build.0 = Release|Any CPU
	EndGlobalSection
	GlobalSection(SolutionProperties) = preSolution
		HideSolutionNode = FALSE
	EndGlobalSection
	GlobalSection(ExtensibilityGlobals) = postSolution
		SolutionGuid = {B01BC34F-6B3E-4D91-B02D-C925D8FD91AC}
	EndGlobalSection
EndGlobal
